
Microsoft Visual Studio Solution File, Format Version 12.00
# Visual Studio Version 17
VisualStudioVersion = 17.2.32616.157
MinimumVisualStudioVersion = 10.0.40219.1
Project("{FAE04EC0-301F-11D3-BF4B-00C04F79EFBC}") = "RevitAddinAcademy", "RevitAddinAcademy\RevitAddinAcademy.csproj", "{739522B2-AEB3-4903-9FA9-0AB9E8107A0C}"
EndProject
Global
	GlobalSection(SolutionConfigurationPlatforms) = preSolution
		Debug|Any CPU = Debug|Any CPU
		Release|Any CPU = Release|Any CPU
	EndGlobalSection
	GlobalSection(ProjectConfigurationPlatforms) = postSolution
		{739522B2-AEB3-4903-9FA9-0AB9E8107A0C}.Debug|Any CPU.ActiveCfg = Debug|Any CPU
		{739522B2-AEB3-4903-9FA9-0AB9E8107A0C}.Debug|Any CPU.Build.0 = Debug|Any CPU
		{739522B2-AEB3-4903-9FA9-0AB9E8107A0C}.Release|Any CPU.ActiveCfg = Release|Any CPU
		{739522B2-AEB3-4903-9FA9-0AB9E8107A0C}.Release|Any CPU.Build.0 = Release|Any CPU
	EndGlobalSection
	GlobalSection(SolutionProperties) = preSolution
		HideSolutionNode = FALSE
	EndGlobalSection
	GlobalSection(ExtensibilityGlobals) = postSolution
		SolutionGuid = {C579281C-DAB7-4E46-8F0C-F90DA7D72D30}
	EndGlobalSection
EndGlobal
